
Microsoft Visual Studio Solution File, Format Version 12.00
# Visual Studio Version 17
VisualStudioVersion = 17.3.32901.215
MinimumVisualStudioVersion = 10.0.40219.1
Project("{FAE04EC0-301F-11D3-BF4B-00C04F79EFBC}") = "Stringovi5", "Stringovi5\Stringovi5.csproj", "{4CD8C8EF-3EC2-4253-9089-3B08E2388853}"
EndProject
Global
	GlobalSection(SolutionConfigurationPlatforms) = preSolution
		Debug|Any CPU = Debug|Any CPU
		Release|Any CPU = Release|Any CPU
	EndGlobalSection
	GlobalSection(ProjectConfigurationPlatforms) = postSolution
		{4CD8C8EF-3EC2-4253-9089-3B08E2388853}.Debug|Any CPU.ActiveCfg = Debug|Any CPU
		{4CD8C8EF-3EC2-4253-9089-3B08E2388853}.Debug|Any CPU.Build.0 = Debug|Any CPU
		{4CD8C8EF-3EC2-4253-9089-3B08E2388853}.Release|Any CPU.ActiveCfg = Release|Any CPU
		{4CD8C8EF-3EC2-4253-9089-3B08E2388853}.Release|Any CPU.Build.0 = Release|Any CPU
	EndGlobalSection
	GlobalSection(SolutionProperties) = preSolution
		HideSolutionNode = FALSE
	EndGlobalSection
	GlobalSection(ExtensibilityGlobals) = postSolution
		SolutionGuid = {E70251D0-BBE9-4FFC-AE47-9A9AC2DDDB0A}
	EndGlobalSection
EndGlobal
